{
    "_readme": [
        "This file locks the dependencies of your project to a known state",
        "Read more about it at https://getcomposer.org/doc/01-basic-usage.md#installing-dependencies",
        "This file is @generated automatically"
    ],
    "content-hash": "34e943ff4ea58450e9b2ee2098c2681b",
    "packages": [
        {
            "name": "freemius/wordpress-sdk",
            "version": "2.4.2",
            "source": {
                "type": "git",
                "url": "https://github.com/Freemius/wordpress-sdk.git",
                "reference": "84a9be4717effd7697a217e0d931f48ae0d2ecc6"
            },
            "dist": {
                "type": "zip",
                "url": "https://api.github.com/repos/Freemius/wordpress-sdk/zipball/84a9be4717effd7697a217e0d931f48ae0d2ecc6",
                "reference": "84a9be4717effd7697a217e0d931f48ae0d2ecc6",
                "shasum": ""
            },
            "require": {
                "php": ">=5.2"
            },
            "type": "library",
            "notification-url": "https://packagist.org/downloads/",
            "license": [
                "GPL-3.0-only"
            ],
            "description": "Freemius WordPress SDK",
            "homepage": "https://freemius.com",
            "keywords": [
                "freemius",
                "plugin",
                "sdk",
                "theme",
                "wordpress",
                "wordpress-plugin",
                "wordpress-theme"
            ],
            "support": {
                "issues": "https://github.com/Freemius/wordpress-sdk/issues",
                "source": "https://github.com/Freemius/wordpress-sdk/tree/2.4.2"
            },
            "time": "2021-02-08T16:47:44+00:00"
        }
    ],
    "packages-dev": [],
    "aliases": [],
    "minimum-stability": "stable",
    "stability-flags": [],
    "prefer-stable": false,
    "prefer-lowest": false,
    "platform": [],
    "platform-dev": [],
    "plugin-api-version": "2.0.0"
}
